
Microsoft Visual Studio Solution File, Format Version 12.00
# Visual Studio Version 16
VisualStudioVersion = 16.0.30517.126
MinimumVisualStudioVersion = 10.0.40219.1
Project("{8BC9CEB8-8B4A-11D0-8D11-00A0C91BC942}") = "3DLibD2Solution", "3DLibD2Solution\3DLibD2Solution.vcxproj", "{95884CD4-04FF-4F56-8DD7-FFE55D3C5C47}"
EndProject
Global
	GlobalSection(SolutionConfigurationPlatforms) = preSolution
		Debug|x64 = Debug|x64
		Debug|x86 = Debug|x86
		Release|x64 = Release|x64
		Release|x86 = Release|x86
	EndGlobalSection
	GlobalSection(ProjectConfigurationPlatforms) = postSolution
		{95884CD4-04FF-4F56-8DD7-FFE55D3C5C47}.Debug|x64.ActiveCfg = Debug|x64
		{95884CD4-04FF-4F56-8DD7-FFE55D3C5C47}.Debug|x64.Build.0 = Debug|x64
		{95884CD4-04FF-4F56-8DD7-FFE55D3C5C47}.Debug|x86.ActiveCfg = Debug|Win32
		{95884CD4-04FF-4F56-8DD7-FFE55D3C5C47}.Debug|x86.Build.0 = Debug|Win32
		{95884CD4-04FF-4F56-8DD7-FFE55D3C5C47}.Release|x64.ActiveCfg = Release|x64
		{95884CD4-04FF-4F56-8DD7-FFE55D3C5C47}.Release|x64.Build.0 = Release|x64
		{95884CD4-04FF-4F56-8DD7-FFE55D3C5C47}.Release|x86.ActiveCfg = Release|Win32
		{95884CD4-04FF-4F56-8DD7-FFE55D3C5C47}.Release|x86.Build.0 = Release|Win32
	EndGlobalSection
	GlobalSection(SolutionProperties) = preSolution
		HideSolutionNode = FALSE
	EndGlobalSection
	GlobalSection(ExtensibilityGlobals) = postSolution
		SolutionGuid = {8D519738-25B1-4D2C-9FBF-8566F95C5148}
	EndGlobalSection
EndGlobal
